
Microsoft Visual Studio Solution File, Format Version 11.00
# Visual Studio 2010
Project("{FAE04EC0-301F-11D3-BF4B-00C04F79EFBC}") = "Microsoft.MixedReality.Toolkit.Providers.OpenVR", "Microsoft.MixedReality.Toolkit.Providers.OpenVR.csproj", "{28FC5ABB-935F-48EA-2F89-A948F81AB8AF}"
EndProject
Project("{FAE04EC0-301F-11D3-BF4B-00C04F79EFBC}") = "Microsoft.MixedReality.Toolkit", "Microsoft.MixedReality.Toolkit.csproj", "{886E6ECF-E33C-3F74-0AAC-A138A76D4DEB}"
EndProject
Project("{FAE04EC0-301F-11D3-BF4B-00C04F79EFBC}") = "Microsoft.MixedReality.Toolkit.SDK", "Microsoft.MixedReality.Toolkit.SDK.csproj", "{03EB4E46-0A49-167D-54F9-93E2E11FCDB0}"
EndProject
Project("{FAE04EC0-301F-11D3-BF4B-00C04F79EFBC}") = "Microsoft.MixedReality.Toolkit.Services.SpatialAwarenessSystem", "Microsoft.MixedReality.Toolkit.Services.SpatialAwarenessSystem.csproj", "{F5CC8BB4-0699-A9FC-4A06-CA7FBF40249C}"
EndProject
Project("{FAE04EC0-301F-11D3-BF4B-00C04F79EFBC}") = "Microsoft.MixedReality.Toolkit.Utilities.Gltf", "Microsoft.MixedReality.Toolkit.Utilities.Gltf.csproj", "{EEA9F370-931E-3AA9-676A-08B1967AA4B8}"
EndProject
Project("{FAE04EC0-301F-11D3-BF4B-00C04F79EFBC}") = "Microsoft.MixedReality.Toolkit.Services.InputSystem", "Microsoft.MixedReality.Toolkit.Services.InputSystem.csproj", "{A7616388-6932-1E63-1550-01D985752C77}"
EndProject
Project("{FAE04EC0-301F-11D3-BF4B-00C04F79EFBC}") = "Microsoft.MixedReality.Toolkit.Services.DiagnosticsSystem", "Microsoft.MixedReality.Toolkit.Services.DiagnosticsSystem.csproj", "{E3E0C2B9-EC65-703C-EDFC-018A4485509D}"
EndProject
Project("{FAE04EC0-301F-11D3-BF4B-00C04F79EFBC}") = "Microsoft.MixedReality.Toolkit.Core.Utilities.Async", "Microsoft.MixedReality.Toolkit.Core.Utilities.Async.csproj", "{DF281B74-5DD7-A244-EAB1-EC399F2C47FE}"
EndProject
Project("{FAE04EC0-301F-11D3-BF4B-00C04F79EFBC}") = "Microsoft.MixedReality.Toolkit.Providers.WindowsMixedReality", "Microsoft.MixedReality.Toolkit.Providers.WindowsMixedReality.csproj", "{029A2EC2-DCAB-7DF6-8BF0-257E5E4EF037}"
EndProject
Project("{FAE04EC0-301F-11D3-BF4B-00C04F79EFBC}") = "Microsoft.MixedReality.Toolkit.Providers.WindowsVoiceInput", "Microsoft.MixedReality.Toolkit.Providers.WindowsVoiceInput.csproj", "{FA662765-29F3-BF64-EEF7-4DD9E26AC6CB}"
EndProject
Project("{FAE04EC0-301F-11D3-BF4B-00C04F79EFBC}") = "Microsoft.MixedReality.Toolkit.Services.TeleportSystem", "Microsoft.MixedReality.Toolkit.Services.TeleportSystem.csproj", "{CC89DF5E-062D-9FCC-0408-BAA920410774}"
EndProject
Project("{FAE04EC0-301F-11D3-BF4B-00C04F79EFBC}") = "Microsoft.MixedReality.Toolkit.Services.BoundarySystem", "Microsoft.MixedReality.Toolkit.Services.BoundarySystem.csproj", "{005475DE-0811-29ED-2A59-1C533AEB8D7C}"
EndProject
Project("{FAE04EC0-301F-11D3-BF4B-00C04F79EFBC}") = "Microsoft.MixedReality.Toolkit.SDK.Inspectors", "Microsoft.MixedReality.Toolkit.SDK.Inspectors.csproj", "{7F81C94A-4173-CE6F-5565-B378BC9F664A}"
EndProject
Project("{FAE04EC0-301F-11D3-BF4B-00C04F79EFBC}") = "Microsoft.MixedReality.Toolkit.Core.Inspectors", "Microsoft.MixedReality.Toolkit.Core.Inspectors.csproj", "{7BB4CC88-0F8A-9164-2093-EB4B96B1783D}"
EndProject
Project("{FAE04EC0-301F-11D3-BF4B-00C04F79EFBC}") = "Microsoft.MixedReality.Toolkit.Core.Utilities.Editor", "Microsoft.MixedReality.Toolkit.Core.Utilities.Editor.csproj", "{C624C2D5-F453-0EDE-46A1-D928E56E17EF}"
EndProject
Project("{FAE04EC0-301F-11D3-BF4B-00C04F79EFBC}") = "Microsoft.MixedReality.Toolkit.Services.InputSimulation", "Microsoft.MixedReality.Toolkit.Services.InputSimulation.csproj", "{4352AB94-7904-A290-A87B-6AC620B42CAF}"
EndProject
Project("{FAE04EC0-301F-11D3-BF4B-00C04F79EFBC}") = "Microsoft.MixedReality.Toolkit.Utilities.Gltf.Importers", "Microsoft.MixedReality.Toolkit.Utilities.Gltf.Importers.csproj", "{A42129C6-0417-8A19-5E8B-DFF0952B6850}"
EndProject
Project("{FAE04EC0-301F-11D3-BF4B-00C04F79EFBC}") = "Microsoft.MixedReality.Toolkit.Core.Build", "Microsoft.MixedReality.Toolkit.Core.Build.csproj", "{0144A16D-990A-CD58-9D25-AA562DD2C5D7}"
EndProject
Project("{FAE04EC0-301F-11D3-BF4B-00C04F79EFBC}") = "Microsoft.MixedReality.Toolkit.Core.Definitions.Utilities.Editor", "Microsoft.MixedReality.Toolkit.Core.Definitions.Utilities.Editor.csproj", "{6DAA3703-609C-9B23-6DB1-890D99C4F426}"
EndProject
Project("{FAE04EC0-301F-11D3-BF4B-00C04F79EFBC}") = "Microsoft.MixedReality.Toolkit.Services.InputSimulation.Inspectors", "Microsoft.MixedReality.Toolkit.Services.InputSimulation.Inspectors.csproj", "{87B7BF50-42DB-F91D-B44A-022EAD5B9F97}"
EndProject
Project("{FAE04EC0-301F-11D3-BF4B-00C04F79EFBC}") = "Microsoft.MixedReality.Toolkit.Services.InputSystem.Inspectors", "Microsoft.MixedReality.Toolkit.Services.InputSystem.Inspectors.csproj", "{5A1C6E59-CF31-6442-61C5-8F1270AB5E99}"
EndProject
Project("{FAE04EC0-301F-11D3-BF4B-00C04F79EFBC}") = "Microsoft.MixedReality.Toolkit.Core.Extensions.EditorClassExtensions", "Microsoft.MixedReality.Toolkit.Core.Extensions.EditorClassExtensions.csproj", "{57C9C6B8-E489-3440-313B-64EDBB1FABDF}"
EndProject
Global
	GlobalSection(SolutionConfigurationPlatforms) = preSolution
		Debug|Any CPU = Debug|Any CPU
		Release|Any CPU = Release|Any CPU
	EndGlobalSection
	GlobalSection(ProjectConfigurationPlatforms) = postSolution
		{28FC5ABB-935F-48EA-2F89-A948F81AB8AF}.Debug|Any CPU.ActiveCfg = Debug|Any CPU
		{28FC5ABB-935F-48EA-2F89-A948F81AB8AF}.Debug|Any CPU.Build.0 = Debug|Any CPU
		{28FC5ABB-935F-48EA-2F89-A948F81AB8AF}.Release|Any CPU.ActiveCfg = Release|Any CPU
		{28FC5ABB-935F-48EA-2F89-A948F81AB8AF}.Release|Any CPU.Build.0 = Release|Any CPU
		{886E6ECF-E33C-3F74-0AAC-A138A76D4DEB}.Debug|Any CPU.ActiveCfg = Debug|Any CPU
		{886E6ECF-E33C-3F74-0AAC-A138A76D4DEB}.Debug|Any CPU.Build.0 = Debug|Any CPU
		{886E6ECF-E33C-3F74-0AAC-A138A76D4DEB}.Release|Any CPU.ActiveCfg = Release|Any CPU
		{886E6ECF-E33C-3F74-0AAC-A138A76D4DEB}.Release|Any CPU.Build.0 = Release|Any CPU
		{03EB4E46-0A49-167D-54F9-93E2E11FCDB0}.Debug|Any CPU.ActiveCfg = Debug|Any CPU
		{03EB4E46-0A49-167D-54F9-93E2E11FCDB0}.Debug|Any CPU.Build.0 = Debug|Any CPU
		{03EB4E46-0A49-167D-54F9-93E2E11FCDB0}.Release|Any CPU.ActiveCfg = Release|Any CPU
		{03EB4E46-0A49-167D-54F9-93E2E11FCDB0}.Release|Any CPU.Build.0 = Release|Any CPU
		{F5CC8BB4-0699-A9FC-4A06-CA7FBF40249C}.Debug|Any CPU.ActiveCfg = Debug|Any CPU
		{F5CC8BB4-0699-A9FC-4A06-CA7FBF40249C}.Debug|Any CPU.Build.0 = Debug|Any CPU
		{F5CC8BB4-0699-A9FC-4A06-CA7FBF40249C}.Release|Any CPU.ActiveCfg = Release|Any CPU
		{F5CC8BB4-0699-A9FC-4A06-CA7FBF40249C}.Release|Any CPU.Build.0 = Release|Any CPU
		{EEA9F370-931E-3AA9-676A-08B1967AA4B8}.Debug|Any CPU.ActiveCfg = Debug|Any CPU
		{EEA9F370-931E-3AA9-676A-08B1967AA4B8}.Debug|Any CPU.Build.0 = Debug|Any CPU
		{EEA9F370-931E-3AA9-676A-08B1967AA4B8}.Release|Any CPU.ActiveCfg = Release|Any CPU
		{EEA9F370-931E-3AA9-676A-08B1967AA4B8}.Release|Any CPU.Build.0 = Release|Any CPU
		{A7616388-6932-1E63-1550-01D985752C77}.Debug|Any CPU.ActiveCfg = Debug|Any CPU
		{A7616388-6932-1E63-1550-01D985752C77}.Debug|Any CPU.Build.0 = Debug|Any CPU
		{A7616388-6932-1E63-1550-01D985752C77}.Release|Any CPU.ActiveCfg = Release|Any CPU
		{A7616388-6932-1E63-1550-01D985752C77}.Release|Any CPU.Build.0 = Release|Any CPU
		{E3E0C2B9-EC65-703C-EDFC-018A4485509D}.Debug|Any CPU.ActiveCfg = Debug|Any CPU
		{E3E0C2B9-EC65-703C-EDFC-018A4485509D}.Debug|Any CPU.Build.0 = Debug|Any CPU
		{E3E0C2B9-EC65-703C-EDFC-018A4485509D}.Release|Any CPU.ActiveCfg = Release|Any CPU
		{E3E0C2B9-EC65-703C-EDFC-018A4485509D}.Release|Any CPU.Build.0 = Release|Any CPU
		{DF281B74-5DD7-A244-EAB1-EC399F2C47FE}.Debug|Any CPU.ActiveCfg = Debug|Any CPU
		{DF281B74-5DD7-A244-EAB1-EC399F2C47FE}.Debug|Any CPU.Build.0 = Debug|Any CPU
		{DF281B74-5DD7-A244-EAB1-EC399F2C47FE}.Release|Any CPU.ActiveCfg = Release|Any CPU
		{DF281B74-5DD7-A244-EAB1-EC399F2C47FE}.Release|Any CPU.Build.0 = Release|Any CPU
		{029A2EC2-DCAB-7DF6-8BF0-257E5E4EF037}.Debug|Any CPU.ActiveCfg = Debug|Any CPU
		{029A2EC2-DCAB-7DF6-8BF0-257E5E4EF037}.Debug|Any CPU.Build.0 = Debug|Any CPU
		{029A2EC2-DCAB-7DF6-8BF0-257E5E4EF037}.Release|Any CPU.ActiveCfg = Release|Any CPU
		{029A2EC2-DCAB-7DF6-8BF0-257E5E4EF037}.Release|Any CPU.Build.0 = Release|Any CPU
		{FA662765-29F3-BF64-EEF7-4DD9E26AC6CB}.Debug|Any CPU.ActiveCfg = Debug|Any CPU
		{FA662765-29F3-BF64-EEF7-4DD9E26AC6CB}.Debug|Any CPU.Build.0 = Debug|Any CPU
		{FA662765-29F3-BF64-EEF7-4DD9E26AC6CB}.Release|Any CPU.ActiveCfg = Release|Any CPU
		{FA662765-29F3-BF64-EEF7-4DD9E26AC6CB}.Release|Any CPU.Build.0 = Release|Any CPU
		{CC89DF5E-062D-9FCC-0408-BAA920410774}.Debug|Any CPU.ActiveCfg = Debug|Any CPU
		{CC89DF5E-062D-9FCC-0408-BAA920410774}.Debug|Any CPU.Build.0 = Debug|Any CPU
		{CC89DF5E-062D-9FCC-0408-BAA920410774}.Release|Any CPU.ActiveCfg = Release|Any CPU
		{CC89DF5E-062D-9FCC-0408-BAA920410774}.Release|Any CPU.Build.0 = Release|Any CPU
		{005475DE-0811-29ED-2A59-1C533AEB8D7C}.Debug|Any CPU.ActiveCfg = Debug|Any CPU
		{005475DE-0811-29ED-2A59-1C533AEB8D7C}.Debug|Any CPU.Build.0 = Debug|Any CPU
		{005475DE-0811-29ED-2A59-1C533AEB8D7C}.Release|Any CPU.ActiveCfg = Release|Any CPU
		{005475DE-0811-29ED-2A59-1C533AEB8D7C}.Release|Any CPU.Build.0 = Release|Any CPU
		{7F81C94A-4173-CE6F-5565-B378BC9F664A}.Debug|Any CPU.ActiveCfg = Debug|Any CPU
		{7F81C94A-4173-CE6F-5565-B378BC9F664A}.Debug|Any CPU.Build.0 = Debug|Any CPU
		{7F81C94A-4173-CE6F-5565-B378BC9F664A}.Release|Any CPU.ActiveCfg = Release|Any CPU
		{7F81C94A-4173-CE6F-5565-B378BC9F664A}.Release|Any CPU.Build.0 = Release|Any CPU
		{7BB4CC88-0F8A-9164-2093-EB4B96B1783D}.Debug|Any CPU.ActiveCfg = Debug|Any CPU
		{7BB4CC88-0F8A-9164-2093-EB4B96B1783D}.Debug|Any CPU.Build.0 = Debug|Any CPU
		{7BB4CC88-0F8A-9164-2093-EB4B96B1783D}.Release|Any CPU.ActiveCfg = Release|Any CPU
		{7BB4CC88-0F8A-9164-2093-EB4B96B1783D}.Release|Any CPU.Build.0 = Release|Any CPU
		{C624C2D5-F453-0EDE-46A1-D928E56E17EF}.Debug|Any CPU.ActiveCfg = Debug|Any CPU
		{C624C2D5-F453-0EDE-46A1-D928E56E17EF}.Debug|Any CPU.Build.0 = Debug|Any CPU
		{C624C2D5-F453-0EDE-46A1-D928E56E17EF}.Release|Any CPU.ActiveCfg = Release|Any CPU
		{C624C2D5-F453-0EDE-46A1-D928E56E17EF}.Release|Any CPU.Build.0 = Release|Any CPU
		{4352AB94-7904-A290-A87B-6AC620B42CAF}.Debug|Any CPU.ActiveCfg = Debug|Any CPU
		{4352AB94-7904-A290-A87B-6AC620B42CAF}.Debug|Any CPU.Build.0 = Debug|Any CPU
		{4352AB94-7904-A290-A87B-6AC620B42CAF}.Release|Any CPU.ActiveCfg = Release|Any CPU
		{4352AB94-7904-A290-A87B-6AC620B42CAF}.Release|Any CPU.Build.0 = Release|Any CPU
		{A42129C6-0417-8A19-5E8B-DFF0952B6850}.Debug|Any CPU.ActiveCfg = Debug|Any CPU
		{A42129C6-0417-8A19-5E8B-DFF0952B6850}.Debug|Any CPU.Build.0 = Debug|Any CPU
		{A42129C6-0417-8A19-5E8B-DFF0952B6850}.Release|Any CPU.ActiveCfg = Release|Any CPU
		{A42129C6-0417-8A19-5E8B-DFF0952B6850}.Release|Any CPU.Build.0 = Release|Any CPU
		{0144A16D-990A-CD58-9D25-AA562DD2C5D7}.Debug|Any CPU.ActiveCfg = Debug|Any CPU
		{0144A16D-990A-CD58-9D25-AA562DD2C5D7}.Debug|Any CPU.Build.0 = Debug|Any CPU
		{0144A16D-990A-CD58-9D25-AA562DD2C5D7}.Release|Any CPU.ActiveCfg = Release|Any CPU
		{0144A16D-990A-CD58-9D25-AA562DD2C5D7}.Release|Any CPU.Build.0 = Release|Any CPU
		{6DAA3703-609C-9B23-6DB1-890D99C4F426}.Debug|Any CPU.ActiveCfg = Debug|Any CPU
		{6DAA3703-609C-9B23-6DB1-890D99C4F426}.Debug|Any CPU.Build.0 = Debug|Any CPU
		{6DAA3703-609C-9B23-6DB1-890D99C4F426}.Release|Any CPU.ActiveCfg = Release|Any CPU
		{6DAA3703-609C-9B23-6DB1-890D99C4F426}.Release|Any CPU.Build.0 = Release|Any CPU
		{87B7BF50-42DB-F91D-B44A-022EAD5B9F97}.Debug|Any CPU.ActiveCfg = Debug|Any CPU
		{87B7BF50-42DB-F91D-B44A-022EAD5B9F97}.Debug|Any CPU.Build.0 = Debug|Any CPU
		{87B7BF50-42DB-F91D-B44A-022EAD5B9F97}.Release|Any CPU.ActiveCfg = Release|Any CPU
		{87B7BF50-42DB-F91D-B44A-022EAD5B9F97}.Release|Any CPU.Build.0 = Release|Any CPU
		{5A1C6E59-CF31-6442-61C5-8F1270AB5E99}.Debug|Any CPU.ActiveCfg = Debug|Any CPU
		{5A1C6E59-CF31-6442-61C5-8F1270AB5E99}.Debug|Any CPU.Build.0 = Debug|Any CPU
		{5A1C6E59-CF31-6442-61C5-8F1270AB5E99}.Release|Any CPU.ActiveCfg = Release|Any CPU
		{5A1C6E59-CF31-6442-61C5-8F1270AB5E99}.Release|Any CPU.Build.0 = Release|Any CPU
		{57C9C6B8-E489-3440-313B-64EDBB1FABDF}.Debug|Any CPU.ActiveCfg = Debug|Any CPU
		{57C9C6B8-E489-3440-313B-64EDBB1FABDF}.Debug|Any CPU.Build.0 = Debug|Any CPU
		{57C9C6B8-E489-3440-313B-64EDBB1FABDF}.Release|Any CPU.ActiveCfg = Release|Any CPU
		{57C9C6B8-E489-3440-313B-64EDBB1FABDF}.Release|Any CPU.Build.0 = Release|Any CPU
	EndGlobalSection
	GlobalSection(SolutionProperties) = preSolution
		HideSolutionNode = FALSE
	EndGlobalSection
EndGlobal
